
Microsoft Visual Studio Solution File, Format Version 12.00
# Visual Studio Version 16
VisualStudioVersion = 16.0.31911.196
MinimumVisualStudioVersion = 10.0.40219.1
Project("{FAE04EC0-301F-11D3-BF4B-00C04F79EFBC}") = "19DTHC2_BigSchool_HaiDang_1911065192", "19DTHC2_BigSchool_HaiDang_1911065192\19DTHC2_BigSchool_HaiDang_1911065192.csproj", "{376ACB87-5B3F-474D-A8F3-46870A41CFD1}"
EndProject
Global
	GlobalSection(SolutionConfigurationPlatforms) = preSolution
		Debug|Any CPU = Debug|Any CPU
		Release|Any CPU = Release|Any CPU
	EndGlobalSection
	GlobalSection(ProjectConfigurationPlatforms) = postSolution
		{376ACB87-5B3F-474D-A8F3-46870A41CFD1}.Debug|Any CPU.ActiveCfg = Debug|Any CPU
		{376ACB87-5B3F-474D-A8F3-46870A41CFD1}.Debug|Any CPU.Build.0 = Debug|Any CPU
		{376ACB87-5B3F-474D-A8F3-46870A41CFD1}.Release|Any CPU.ActiveCfg = Release|Any CPU
		{376ACB87-5B3F-474D-A8F3-46870A41CFD1}.Release|Any CPU.Build.0 = Release|Any CPU
	EndGlobalSection
	GlobalSection(SolutionProperties) = preSolution
		HideSolutionNode = FALSE
	EndGlobalSection
	GlobalSection(ExtensibilityGlobals) = postSolution
		SolutionGuid = {32830FEE-F570-43F2-98AE-B2D31259A671}
	EndGlobalSection
EndGlobal
